{
  "name": "ngx-guides",
  "version": "0.2.1",
  "lockfileVersion": 1,
  "requires": true,
  "dependencies": {
    "@daybrush/drag": {
      "version": "0.11.1",
      "resolved": "https://registry.npmjs.org/@daybrush/drag/-/drag-0.11.1.tgz",
      "integrity": "sha512-7TEpK7MUGMTarTQ7Z7eTqwgR8FV9oCEyk02Q/uL/FIKzysnY+BLK8gD871w/CEp3GH7jIFuaXEec5qTxxG1AOw==",
      "requires": {
        "@daybrush/utils": "^0.10.0"
      }
    },
    "@daybrush/utils": {
      "version": "0.10.1",
      "resolved": "https://registry.npmjs.org/@daybrush/utils/-/utils-0.10.1.tgz",
      "integrity": "sha512-pKnlI3C+u/qgkhypQQT9G7YwEmBp+6XD5ZHzVCKtA0avuku//KGdLoIT6QL78aXI7ZPlJwY31t24+6xkxqdoJg=="
    },
    "@scena/guides": {
      "version": "0.3.1",
      "resolved": "https://registry.npmjs.org/@scena/guides/-/guides-0.3.1.tgz",
      "integrity": "sha512-NIgpaiB1i402Vx7Uq6xJo4Pdd10K2HWxKeQk1S+Tg2xz4UvViIbZ67LfXm/oLu/rh55BaeJxEADucMSl0m4A1w==",
      "requires": {
        "preact": "^10.0.0",
        "preact-guides": "^0.2.1"
      }
    },
    "@scena/react-guides": {
      "version": "0.2.2",
      "resolved": "https://registry.npmjs.org/@scena/react-guides/-/react-guides-0.2.2.tgz",
      "integrity": "sha512-bzv9bsQBQyvIpx2h0jLVep8Vor4SKOJZReHDSsNRsdh3VxQlevTs3YcHCBgk4SDy7A90k3SvdC7tXaKh2G/BvQ==",
      "requires": {
        "@daybrush/drag": "^0.11.1",
        "@daybrush/utils": "^0.10.1",
        "@scena/react-ruler": "^0.1.4",
        "framework-utils": "^0.2.1",
        "react-css-styler": "^0.4.1"
      }
    },
    "@scena/react-ruler": {
      "version": "0.1.4",
      "resolved": "https://registry.npmjs.org/@scena/react-ruler/-/react-ruler-0.1.4.tgz",
      "integrity": "sha512-/ynaRDTmKEs96/xDxZYaaCi338ObjsRKLvGCWjEr/82PgL0MHfmWEH5NTK+HwynZz/Zd4Y81tOlacNZZuPILpw==",
      "requires": {
        "@daybrush/utils": "^0.10.1",
        "framework-utils": "^0.2.1"
      }
    },
    "framework-utils": {
      "version": "0.2.1",
      "resolved": "https://registry.npmjs.org/framework-utils/-/framework-utils-0.2.1.tgz",
      "integrity": "sha512-KSB3kl/hlR4LiKBbK3hEydNFgj1fM3ymmxTmT9doeUVaMr7mTpIRmeTJ3/aCMl52Z0/It8Fm5pEJBQRLcb/yCw=="
    },
    "preact": {
      "version": "10.0.5",
      "resolved": "https://registry.npmjs.org/preact/-/preact-10.0.5.tgz",
      "integrity": "sha512-62+J+GTrv3Uhp6DefqZTel6VYcdUA1zqHO7gjQSKdOwkU2sNOp/Vl6Zf2A3hIWV5EBgjeDA8gsOn6dmB3I1Dvg=="
    },
    "preact-css-styler": {
      "version": "1.0.1",
      "resolved": "https://registry.npmjs.org/preact-css-styler/-/preact-css-styler-1.0.1.tgz",
      "integrity": "sha512-8n5owEv0/WwE38eiW3BfwNzre0WY+xtkZJjAUr/v/WcRetpaeFllm5b993WkU7jwGJFDnwZvxtjj3zIcMdDpEQ==",
      "requires": {
        "@daybrush/utils": "^0.10.1"
      }
    },
    "preact-guides": {
      "version": "0.2.1",
      "resolved": "https://registry.npmjs.org/preact-guides/-/preact-guides-0.2.1.tgz",
      "integrity": "sha512-gMTPM6puDrf2BMWW8ciTSbO1G3fBA1bYaC57GU3ZwqEnhPYmJ/Dlo2ENsoqg14yuxGKrFHHBRqXC4RqwfxSlkw==",
      "requires": {
        "@scena/react-guides": "^0.2.2",
        "preact-css-styler": "^1.0.1",
        "preact-ruler": "^0.1.7"
      }
    },
    "preact-ruler": {
      "version": "0.1.7",
      "resolved": "https://registry.npmjs.org/preact-ruler/-/preact-ruler-0.1.7.tgz",
      "integrity": "sha512-9nddKz+/yVXR3nI6G8uLJHENDnbv66AiHoc+mKg3RnFa3dNj4TKv4up6mK5eWK+d/8OIBiYA9XJINGNqbNfxNQ==",
      "requires": {
        "@scena/react-ruler": "^0.1.4"
      }
    },
    "react-css-styler": {
      "version": "0.4.1",
      "resolved": "https://registry.npmjs.org/react-css-styler/-/react-css-styler-0.4.1.tgz",
      "integrity": "sha512-nAJihRuGRHhzHbrs6dhlFe5xXHgXGFa2OngXKMEHSoaQ4i/kBc1q6CIFfdbVrhGS5Y/G2vtxoqJDW8yG+uPuMw==",
      "requires": {
        "@daybrush/utils": "^0.10.0"
      }
    }
  }
}
