{
  "name": "ngx-guides",
  "version": "0.10.0",
  "lockfileVersion": 1,
  "requires": true,
  "dependencies": {
    "@daybrush/drag": {
      "version": "0.19.1",
      "resolved": "https://registry.npmjs.org/@daybrush/drag/-/drag-0.19.1.tgz",
      "integrity": "sha512-gdS+j+4pnT7ktaIWSAiJmawilWTBsfQUJEkRjUkJWj26k5YAf5ErgPQAdYzStEscHtZlVbfIcvy5IOCr9id93A==",
      "requires": {
        "@daybrush/utils": "^0.10.3"
      },
      "dependencies": {
        "@daybrush/utils": {
          "version": "0.10.5",
          "resolved": "https://registry.npmjs.org/@daybrush/utils/-/utils-0.10.5.tgz",
          "integrity": "sha512-VCPbgJgImkUmGHX33drZJh/5FYBhfSM+EFqlBY7fzKIahBGEemjYfninVSp9BdzqF9P2MyCh7R3hgxmySXLEzg=="
        }
      }
    },
    "@daybrush/utils": {
      "version": "0.13.0",
      "resolved": "https://registry.npmjs.org/@daybrush/utils/-/utils-0.13.0.tgz",
      "integrity": "sha512-NKomXAajIL2Z/GPVv75DPF85ghJjHiscJ15yRjb0JJGYxz2p9RqUkZZwMMQnK8HHAKajZTJj61GmSRyh960Cnw=="
    },
    "@egjs/component": {
      "version": "2.1.2",
      "resolved": "https://registry.npmjs.org/@egjs/component/-/component-2.1.2.tgz",
      "integrity": "sha512-7tnPiqxbSZ0porzlm0+/O3qZdanMj0zOq0sb17wQXuaRG49XKKKJaO+SacGnZDqf308N5hzJ0m9fZ4+j+VBvXA=="
    },
    "@egjs/list-differ": {
      "version": "1.0.0",
      "resolved": "https://registry.npmjs.org/@egjs/list-differ/-/list-differ-1.0.0.tgz",
      "integrity": "sha512-HsbMKc0ZAQH+EUeCmI/2PvTYSybmkaWwakU8QGDYYgMVIg9BQ5sM0A0Nnombjxo2+JzXHxmH+jw//yGX+y6GYw=="
    },
    "@scena/guides": {
      "version": "0.11.0",
      "resolved": "https://registry.npmjs.org/@scena/guides/-/guides-0.11.0.tgz",
      "integrity": "sha512-dbG6Y9pZLcZqMZaQ7MdhNT520xCtFEKgrTytZaTmlQE3CHcq/qc4jcm5cqpS/mqKa7nhWph61dAMTLRBoos6tg==",
      "requires": {
        "@egjs/component": "^2.1.2",
        "react-compat-guides": "^0.8.0"
      }
    },
    "@scena/react-guides": {
      "version": "0.10.1",
      "resolved": "https://registry.npmjs.org/@scena/react-guides/-/react-guides-0.10.1.tgz",
      "integrity": "sha512-DsUf1aA/0HQatUvsaYNhE/Q8Q+odNSgMnV5HPzwtFlNMdsiqpmW7oSRfDq38DjNce9Ru5B+OQlRyYMok3cwPBA==",
      "requires": {
        "@daybrush/drag": "^0.19.1",
        "@daybrush/utils": "^0.13.0",
        "@scena/react-ruler": "^0.6.0",
        "framework-utils": "^0.3.4",
        "gl-matrix": "^3.3.0",
        "react-css-styled": "^0.2.0"
      }
    },
    "@scena/react-ruler": {
      "version": "0.6.0",
      "resolved": "https://registry.npmjs.org/@scena/react-ruler/-/react-ruler-0.6.0.tgz",
      "integrity": "sha512-WMUEgQPWlXAQXCq3d3pwZXiuF7QQSz36FVgQBq06ze9+KprxMfaxez4ry8OebRYVkg2vArQJEZA/NJAZXt693Q==",
      "requires": {
        "@daybrush/utils": "^0.13.0",
        "framework-utils": "^0.3.0"
      }
    },
    "css-styled": {
      "version": "0.2.1",
      "resolved": "https://registry.npmjs.org/css-styled/-/css-styled-0.2.1.tgz",
      "integrity": "sha512-g/mR31b/milWIh3ThoraDuma4dtJmNrcbIfegFOpR5vafKye+AxpABg/72UU9rZS9gpJJcsqoqgBg5FSCcKYzQ==",
      "requires": {
        "@daybrush/utils": "^0.10.1",
        "string-hash": "^1.1.3"
      },
      "dependencies": {
        "@daybrush/utils": {
          "version": "0.10.5",
          "resolved": "https://registry.npmjs.org/@daybrush/utils/-/utils-0.10.5.tgz",
          "integrity": "sha512-VCPbgJgImkUmGHX33drZJh/5FYBhfSM+EFqlBY7fzKIahBGEemjYfninVSp9BdzqF9P2MyCh7R3hgxmySXLEzg=="
        }
      }
    },
    "framework-utils": {
      "version": "0.3.4",
      "resolved": "https://registry.npmjs.org/framework-utils/-/framework-utils-0.3.4.tgz",
      "integrity": "sha512-Psekd+sXiHxtjLvK6aqi7vw6sQpShfBQSYlLkxCyhVzpmeTdxv1lCq8BGx++Mm5yw+MUn5IA4WKNO6LZFtOe2Q=="
    },
    "gl-matrix": {
      "version": "3.3.0",
      "resolved": "https://registry.npmjs.org/gl-matrix/-/gl-matrix-3.3.0.tgz",
      "integrity": "sha512-COb7LDz+SXaHtl/h4LeaFcNdJdAQSDeVqjiIihSXNrkWObZLhDI4hIkZC11Aeqp7bcE72clzB0BnDXr2SmslRA=="
    },
    "react-compat-css-styled": {
      "version": "0.2.0",
      "resolved": "https://registry.npmjs.org/react-compat-css-styled/-/react-compat-css-styled-0.2.0.tgz",
      "integrity": "sha512-j08FMCqkWzJ3xmesk5Tcgbn3QUHLSgndZCj6tVZNYZiSHkfnywUdYb4UDcCsQipL4IUWm2dIEWZmfLzuIO3KSg==",
      "requires": {
        "react-css-styled": "^0.2.0",
        "react-simple-compat": "^0.1.1"
      }
    },
    "react-compat-guides": {
      "version": "0.8.0",
      "resolved": "https://registry.npmjs.org/react-compat-guides/-/react-compat-guides-0.8.0.tgz",
      "integrity": "sha512-PM10hNkXY3ZFlBS5At9Ua95Q8RXuECP84ARbRo/hKEQ2SJ3utuBOIFh/bbzk3LNeEiKT2noRzB7c9XapGoIYbQ==",
      "requires": {
        "@scena/react-guides": "^0.10.1",
        "react-compat-css-styled": "^0.2.0",
        "react-compat-ruler": "^0.5.0",
        "react-simple-compat": "^0.1.8"
      }
    },
    "react-compat-ruler": {
      "version": "0.5.0",
      "resolved": "https://registry.npmjs.org/react-compat-ruler/-/react-compat-ruler-0.5.0.tgz",
      "integrity": "sha512-3O23z2UbCn9o8hIi/KQEpqQ7LHre38PwuGTOGjF6ksKQjaUFzgiOQ9RiQ7Mqpyxmk3s92y7UMGhA2cQ9hG53oA==",
      "requires": {
        "@scena/react-ruler": "^0.6.0",
        "react-simple-compat": "^0.1.8"
      }
    },
    "react-css-styled": {
      "version": "0.2.0",
      "resolved": "https://registry.npmjs.org/react-css-styled/-/react-css-styled-0.2.0.tgz",
      "integrity": "sha512-rVptPq0atJIs5RfyJEN3W57dCEeQyZarEurjEb2y+ebXi4zZRdz2cmFrZaJkPU9zSp7DuavrsYW47bA2sU/b2A==",
      "requires": {
        "css-styled": "^0.2.1",
        "framework-utils": "^0.3.4"
      }
    },
    "react-simple-compat": {
      "version": "0.1.8",
      "resolved": "https://registry.npmjs.org/react-simple-compat/-/react-simple-compat-0.1.8.tgz",
      "integrity": "sha512-HZHzvAB+MLbgfofC1y3UcuiflebmYGx/nmQ6oqHHqMr1txc26P8gjAp4sUBDPI3Ll/VraTFVOCoGqvNxdD+Uww==",
      "requires": {
        "@daybrush/utils": "^0.10.1",
        "@egjs/list-differ": "^1.0.0"
      },
      "dependencies": {
        "@daybrush/utils": {
          "version": "0.10.5",
          "resolved": "https://registry.npmjs.org/@daybrush/utils/-/utils-0.10.5.tgz",
          "integrity": "sha512-VCPbgJgImkUmGHX33drZJh/5FYBhfSM+EFqlBY7fzKIahBGEemjYfninVSp9BdzqF9P2MyCh7R3hgxmySXLEzg=="
        }
      }
    },
    "string-hash": {
      "version": "1.1.3",
      "resolved": "https://registry.npmjs.org/string-hash/-/string-hash-1.1.3.tgz",
      "integrity": "sha1-6Kr8CsGFW0Zmkp7X3RJ1311sgRs="
    }
  }
}
