{
  "name": "ngx-guides",
  "version": "0.6.1",
  "lockfileVersion": 1,
  "requires": true,
  "dependencies": {
    "@daybrush/drag": {
      "version": "0.12.0",
      "resolved": "https://registry.npmjs.org/@daybrush/drag/-/drag-0.12.0.tgz",
      "integrity": "sha512-KO9xoEo8KhbNdxJusZ+exOH/HJiyzw3uv+zhKzgsAysZ99cVKKC5TnokzXGB+e4cTn25xnCljMuXpYPLbTXRzw==",
      "requires": {
        "@daybrush/utils": "^0.10.0"
      }
    },
    "@daybrush/utils": {
      "version": "0.10.4",
      "resolved": "https://registry.npmjs.org/@daybrush/utils/-/utils-0.10.4.tgz",
      "integrity": "sha512-gqnTIsaHbqOuIEDwtZIkxZuIRo1yT2rY7jesTYW/Niu9jfv6RiIyhlLHq9j3Z4Ua8eeaydRvBzST1CU+aoo79A=="
    },
    "@egjs/component": {
      "version": "2.1.2",
      "resolved": "https://registry.npmjs.org/@egjs/component/-/component-2.1.2.tgz",
      "integrity": "sha512-7tnPiqxbSZ0porzlm0+/O3qZdanMj0zOq0sb17wQXuaRG49XKKKJaO+SacGnZDqf308N5hzJ0m9fZ4+j+VBvXA=="
    },
    "@egjs/list-differ": {
      "version": "1.0.0",
      "resolved": "https://registry.npmjs.org/@egjs/list-differ/-/list-differ-1.0.0.tgz",
      "integrity": "sha512-HsbMKc0ZAQH+EUeCmI/2PvTYSybmkaWwakU8QGDYYgMVIg9BQ5sM0A0Nnombjxo2+JzXHxmH+jw//yGX+y6GYw=="
    },
    "@scena/guides": {
      "version": "0.7.1",
      "resolved": "https://registry.npmjs.org/@scena/guides/-/guides-0.7.1.tgz",
      "integrity": "sha512-17C4M8mjwGHTPnWW80X0DWF0lRMLPf2Mi9B3C/e4vX2gLTsCJF5BnMm7dqCaf730GbAtJ7PpI842REDz8tpDMQ==",
      "requires": {
        "@egjs/component": "^2.1.2",
        "react-compat-guides": "^0.4.2"
      }
    },
    "@scena/react-guides": {
      "version": "0.6.1",
      "resolved": "https://registry.npmjs.org/@scena/react-guides/-/react-guides-0.6.1.tgz",
      "integrity": "sha512-hkVSjmvsJdrjaSYIEMem2DVZoeQnQAY4boR/PQb3usXPSfmMSUgw6FGBnNwLz2ZBxAh+rdrkLMiMnjPTdFHQ5w==",
      "requires": {
        "@daybrush/drag": "^0.12.0",
        "@daybrush/utils": "^0.10.1",
        "@scena/react-ruler": "^0.3.0",
        "framework-utils": "^0.3.0",
        "react-css-styled": "^0.1.3"
      }
    },
    "@scena/react-ruler": {
      "version": "0.3.0",
      "resolved": "https://registry.npmjs.org/@scena/react-ruler/-/react-ruler-0.3.0.tgz",
      "integrity": "sha512-4qwzrPOQQi28Us6FnlR4h1EYOB8dTcmrzFxiYIy1yOLLSKExklmmbyBePz6Qnf52akNYNHkq478F3LCBLIZkgQ==",
      "requires": {
        "@daybrush/utils": "^0.10.1",
        "framework-utils": "^0.3.0"
      }
    },
    "@types/prop-types": {
      "version": "15.7.3",
      "resolved": "https://registry.npmjs.org/@types/prop-types/-/prop-types-15.7.3.tgz",
      "integrity": "sha512-KfRL3PuHmqQLOG+2tGpRO26Ctg+Cq1E01D2DMriKEATHgWLfeNDmq9e29Q9WIky0dQ3NPkd1mzYH8Lm936Z9qw=="
    },
    "@types/react": {
      "version": "16.9.35",
      "resolved": "https://registry.npmjs.org/@types/react/-/react-16.9.35.tgz",
      "integrity": "sha512-q0n0SsWcGc8nDqH2GJfWQWUOmZSJhXV64CjVN5SvcNti3TdEaA3AH0D8DwNmMdzjMAC/78tB8nAZIlV8yTz+zQ==",
      "requires": {
        "@types/prop-types": "*",
        "csstype": "^2.2.0"
      }
    },
    "css-styled": {
      "version": "0.1.7",
      "resolved": "https://registry.npmjs.org/css-styled/-/css-styled-0.1.7.tgz",
      "integrity": "sha512-ypbwCHOxYG0N7cbH2IPH6uZrWi8WqFBkUxPWeT/gtYL4uE+3Te7AsQISsnzeQbOR+/DleziQBQCm6zZsbht/Ig==",
      "requires": {
        "@daybrush/utils": "^0.10.1",
        "string-hash": "^1.1.3"
      }
    },
    "csstype": {
      "version": "2.6.10",
      "resolved": "https://registry.npmjs.org/csstype/-/csstype-2.6.10.tgz",
      "integrity": "sha512-D34BqZU4cIlMCY93rZHbrq9pjTAQJ3U8S8rfBqjwHxkGPThWFjzZDQpgMJY0QViLxth6ZKYiwFBo14RdN44U/w=="
    },
    "framework-utils": {
      "version": "0.3.4",
      "resolved": "https://registry.npmjs.org/framework-utils/-/framework-utils-0.3.4.tgz",
      "integrity": "sha512-Psekd+sXiHxtjLvK6aqi7vw6sQpShfBQSYlLkxCyhVzpmeTdxv1lCq8BGx++Mm5yw+MUn5IA4WKNO6LZFtOe2Q=="
    },
    "react-compat-css-styled": {
      "version": "0.1.2",
      "resolved": "https://registry.npmjs.org/react-compat-css-styled/-/react-compat-css-styled-0.1.2.tgz",
      "integrity": "sha512-SGu//NTGUbm8wb5kMvsohVwYZt8gvBTS2E0A9deVNfi52yqLkdwk2k4Qv9+DMip6ijOP68DF/pACOnIVBsZHDg==",
      "requires": {
        "@types/react": "^16.0.0",
        "react-css-styled": "^0.1.4",
        "react-simple-compat": "^0.1.1"
      }
    },
    "react-compat-guides": {
      "version": "0.4.2",
      "resolved": "https://registry.npmjs.org/react-compat-guides/-/react-compat-guides-0.4.2.tgz",
      "integrity": "sha512-fN7qm8jfMKUxi2tRWAc6Pad40OeCYp+I/YICwvt/QtPEqFBBK52nGD9zP5eD+/+6gYWc7vhP6IW6c563a0JPHg==",
      "requires": {
        "@scena/react-guides": "^0.6.1",
        "@types/react": "^16.0.0",
        "react-compat-css-styled": "^0.1.2",
        "react-compat-ruler": "^0.2.0",
        "react-simple-compat": "^0.1.6"
      }
    },
    "react-compat-ruler": {
      "version": "0.2.0",
      "resolved": "https://registry.npmjs.org/react-compat-ruler/-/react-compat-ruler-0.2.0.tgz",
      "integrity": "sha512-hnHn77nDNixGlhxVVXLYYVnwbgRY+EoGM9KdTGeZi6UmNFnOpk15R/V4+8elTkc7734qZCEC4/wQM5U5TsrY3Q==",
      "requires": {
        "@scena/react-ruler": "^0.3.0",
        "@types/react": "^16.9.17",
        "react-simple-compat": "^0.1.4"
      }
    },
    "react-css-styled": {
      "version": "0.1.4",
      "resolved": "https://registry.npmjs.org/react-css-styled/-/react-css-styled-0.1.4.tgz",
      "integrity": "sha512-iuRtEu5Vy2jno0Bs+GEi4KOjBuXJsmEUD47Jk18FOIcwwheZQSAu1KFHZrL6cg147eL0p7ycV2E8pAyrnNvI5g==",
      "requires": {
        "css-styled": "^0.1.7",
        "framework-utils": "^0.3.4"
      }
    },
    "react-simple-compat": {
      "version": "0.1.6",
      "resolved": "https://registry.npmjs.org/react-simple-compat/-/react-simple-compat-0.1.6.tgz",
      "integrity": "sha512-U89riySR+TSydKiB4cjq/67wE+z4zNw7aLm5GIIOycrAD6XcDIApGqetGcUUWhlZmjjZnpzKMOwJKSiYTLxJeQ==",
      "requires": {
        "@daybrush/utils": "^0.10.1",
        "@egjs/list-differ": "^1.0.0"
      }
    },
    "string-hash": {
      "version": "1.1.3",
      "resolved": "https://registry.npmjs.org/string-hash/-/string-hash-1.1.3.tgz",
      "integrity": "sha1-6Kr8CsGFW0Zmkp7X3RJ1311sgRs="
    }
  }
}
